// !$*UTF8*$!
{
	archiveVersion = 1;
	classes = {
	};
	objectVersion = 56;
	objects = {

/* Begin PBXBuildFile section */
		A10000001 /* MinesweepApp.swift in Sources */ = {isa = PBXBuildFile; fileRef = B10000001 /* MinesweepApp.swift */; };
		A10000002 /* Cell.swift in Sources */ = {isa = PBXBuildFile; fileRef = B10000002 /* Cell.swift */; };
		A10000003 /* GameState.swift in Sources */ = {isa = PBXBuildFile; fileRef = B10000003 /* GameState.swift */; };
		A10000004 /* Difficulty.swift in Sources */ = {isa = PBXBuildFile; fileRef = B10000004 /* Difficulty.swift */; };
		A10000005 /* Board.swift in Sources */ = {isa = PBXBuildFile; fileRef = B10000005 /* Board.swift */; };
		A10000006 /* GameViewModel.swift in Sources */ = {isa = PBXBuildFile; fileRef = B10000006 /* GameViewModel.swift */; };
		A10000007 /* CellView.swift in Sources */ = {isa = PBXBuildFile; fileRef = B10000007 /* CellView.swift */; };
		A10000008 /* HeaderView.swift in Sources */ = {isa = PBXBuildFile; fileRef = B10000008 /* HeaderView.swift */; };
		A10000009 /* MenuView.swift in Sources */ = {isa = PBXBuildFile; fileRef = B10000009 /* MenuView.swift */; };
		A10000010 /* GameView.swift in Sources */ = {isa = PBXBuildFile; fileRef = B10000010 /* GameView.swift */; };
		A10000011 /* GameOverView.swift in Sources */ = {isa = PBXBuildFile; fileRef = B10000011 /* GameOverView.swift */; };
		A10000012 /* HapticManager.swift in Sources */ = {isa = PBXBuildFile; fileRef = B10000012 /* HapticManager.swift */; };
		A10000013 /* Assets.xcassets in Resources */ = {isa = PBXBuildFile; fileRef = B10000013 /* Assets.xcassets */; };
		A10000014 /* GameStats.swift in Sources */ = {isa = PBXBuildFile; fileRef = B10000014 /* GameStats.swift */; };
		A10000015 /* StatsStore.swift in Sources */ = {isa = PBXBuildFile; fileRef = B10000015 /* StatsStore.swift */; };
		A10000016 /* StatsView.swift in Sources */ = {isa = PBXBuildFile; fileRef = B10000016 /* StatsView.swift */; };
		A10000017 /* ShakeDetector.swift in Sources */ = {isa = PBXBuildFile; fileRef = B10000017 /* ShakeDetector.swift */; };
		A20000001 /* BoardTests.swift in Sources */ = {isa = PBXBuildFile; fileRef = B20000001 /* BoardTests.swift */; };
		A20000002 /* GameStatsTests.swift in Sources */ = {isa = PBXBuildFile; fileRef = B20000002 /* GameStatsTests.swift */; };
		A20000003 /* GameViewModelTests.swift in Sources */ = {isa = PBXBuildFile; fileRef = B20000003 /* GameViewModelTests.swift */; };
		A20000004 /* DifficultyTests.swift in Sources */ = {isa = PBXBuildFile; fileRef = B20000004 /* DifficultyTests.swift */; };
		A20000005 /* StatsStoreTests.swift in Sources */ = {isa = PBXBuildFile; fileRef = B20000005 /* StatsStoreTests.swift */; };
		A30000001 /* MinesweepUITests.swift in Sources */ = {isa = PBXBuildFile; fileRef = B30000001 /* MinesweepUITests.swift */; };
/* End PBXBuildFile section */

/* Begin PBXContainerItemProxy section */
		C20000001 /* PBXContainerItemProxy */ = {
			isa = PBXContainerItemProxy;
			containerPortal = E10000010 /* Project object */;
			proxyType = 1;
			remoteGlobalIDString = E10000001;
			remoteInfo = Minesweep;
		};
		C30000001 /* PBXContainerItemProxy */ = {
			isa = PBXContainerItemProxy;
			containerPortal = E10000010 /* Project object */;
			proxyType = 1;
			remoteGlobalIDString = E10000001;
			remoteInfo = Minesweep;
		};
/* End PBXContainerItemProxy section */

/* Begin PBXFileReference section */
		B10000001 /* MinesweepApp.swift */ = {isa = PBXFileReference; lastKnownFileType = sourcecode.swift; path = MinesweepApp.swift; sourceTree = "<group>"; };
		B10000002 /* Cell.swift */ = {isa = PBXFileReference; lastKnownFileType = sourcecode.swift; path = Cell.swift; sourceTree = "<group>"; };
		B10000003 /* GameState.swift */ = {isa = PBXFileReference; lastKnownFileType = sourcecode.swift; path = GameState.swift; sourceTree = "<group>"; };
		B10000004 /* Difficulty.swift */ = {isa = PBXFileReference; lastKnownFileType = sourcecode.swift; path = Difficulty.swift; sourceTree = "<group>"; };
		B10000005 /* Board.swift */ = {isa = PBXFileReference; lastKnownFileType = sourcecode.swift; path = Board.swift; sourceTree = "<group>"; };
		B10000006 /* GameViewModel.swift */ = {isa = PBXFileReference; lastKnownFileType = sourcecode.swift; path = GameViewModel.swift; sourceTree = "<group>"; };
		B10000007 /* CellView.swift */ = {isa = PBXFileReference; lastKnownFileType = sourcecode.swift; path = CellView.swift; sourceTree = "<group>"; };
		B10000008 /* HeaderView.swift */ = {isa = PBXFileReference; lastKnownFileType = sourcecode.swift; path = HeaderView.swift; sourceTree = "<group>"; };
		B10000009 /* MenuView.swift */ = {isa = PBXFileReference; lastKnownFileType = sourcecode.swift; path = MenuView.swift; sourceTree = "<group>"; };
		B10000010 /* GameView.swift */ = {isa = PBXFileReference; lastKnownFileType = sourcecode.swift; path = GameView.swift; sourceTree = "<group>"; };
		B10000011 /* GameOverView.swift */ = {isa = PBXFileReference; lastKnownFileType = sourcecode.swift; path = GameOverView.swift; sourceTree = "<group>"; };
		B10000012 /* HapticManager.swift */ = {isa = PBXFileReference; lastKnownFileType = sourcecode.swift; path = HapticManager.swift; sourceTree = "<group>"; };
		B10000013 /* Assets.xcassets */ = {isa = PBXFileReference; lastKnownFileType = folder.assetcatalog; path = Assets.xcassets; sourceTree = "<group>"; };
		B10000014 /* GameStats.swift */ = {isa = PBXFileReference; lastKnownFileType = sourcecode.swift; path = GameStats.swift; sourceTree = "<group>"; };
		B10000015 /* StatsStore.swift */ = {isa = PBXFileReference; lastKnownFileType = sourcecode.swift; path = StatsStore.swift; sourceTree = "<group>"; };
		B10000016 /* StatsView.swift */ = {isa = PBXFileReference; lastKnownFileType = sourcecode.swift; path = StatsView.swift; sourceTree = "<group>"; };
		B10000017 /* ShakeDetector.swift */ = {isa = PBXFileReference; lastKnownFileType = sourcecode.swift; path = ShakeDetector.swift; sourceTree = "<group>"; };
		B20000001 /* BoardTests.swift */ = {isa = PBXFileReference; lastKnownFileType = sourcecode.swift; path = BoardTests.swift; sourceTree = "<group>"; };
		B20000002 /* GameStatsTests.swift */ = {isa = PBXFileReference; lastKnownFileType = sourcecode.swift; path = GameStatsTests.swift; sourceTree = "<group>"; };
		B20000003 /* GameViewModelTests.swift */ = {isa = PBXFileReference; lastKnownFileType = sourcecode.swift; path = GameViewModelTests.swift; sourceTree = "<group>"; };
		B20000004 /* DifficultyTests.swift */ = {isa = PBXFileReference; lastKnownFileType = sourcecode.swift; path = DifficultyTests.swift; sourceTree = "<group>"; };
		B20000005 /* StatsStoreTests.swift */ = {isa = PBXFileReference; lastKnownFileType = sourcecode.swift; path = StatsStoreTests.swift; sourceTree = "<group>"; };
		C10000001 /* Minesweep.app */ = {isa = PBXFileReference; explicitFileType = wrapper.application; includeInIndex = 0; path = Minesweep.app; sourceTree = BUILT_PRODUCTS_DIR; };
		C20000002 /* MinesweepTests.xctest */ = {isa = PBXFileReference; explicitFileType = wrapper.cfbundle; includeInIndex = 0; path = MinesweepTests.xctest; sourceTree = BUILT_PRODUCTS_DIR; };
		B30000001 /* MinesweepUITests.swift */ = {isa = PBXFileReference; lastKnownFileType = sourcecode.swift; path = MinesweepUITests.swift; sourceTree = "<group>"; };
		C30000002 /* MinesweepUITests.xctest */ = {isa = PBXFileReference; explicitFileType = wrapper.cfbundle; includeInIndex = 0; path = MinesweepUITests.xctest; sourceTree = BUILT_PRODUCTS_DIR; };
/* End PBXFileReference section */

/* Begin PBXGroup section */
		D10000001 = {
			isa = PBXGroup;
			children = (
				D10000002 /* Minesweep */,
				D20000001 /* MinesweepTests */,
				D30000001 /* MinesweepUITests */,
				D10000008 /* Products */,
			);
			sourceTree = "<group>";
		};
		D10000002 /* Minesweep */ = {
			isa = PBXGroup;
			children = (
				D10000003 /* App */,
				D10000004 /* Models */,
				D10000005 /* ViewModels */,
				D10000006 /* Views */,
				D10000007 /* Utilities */,
				B10000013 /* Assets.xcassets */,
			);
			path = Minesweep;
			sourceTree = "<group>";
		};
		D10000003 /* App */ = {
			isa = PBXGroup;
			children = (
				B10000001 /* MinesweepApp.swift */,
			);
			path = App;
			sourceTree = "<group>";
		};
		D10000004 /* Models */ = {
			isa = PBXGroup;
			children = (
				B10000002 /* Cell.swift */,
				B10000003 /* GameState.swift */,
				B10000004 /* Difficulty.swift */,
				B10000005 /* Board.swift */,
				B10000014 /* GameStats.swift */,
				B10000015 /* StatsStore.swift */,
			);
			path = Models;
			sourceTree = "<group>";
		};
		D10000005 /* ViewModels */ = {
			isa = PBXGroup;
			children = (
				B10000006 /* GameViewModel.swift */,
			);
			path = ViewModels;
			sourceTree = "<group>";
		};
		D10000006 /* Views */ = {
			isa = PBXGroup;
			children = (
				B10000007 /* CellView.swift */,
				B10000008 /* HeaderView.swift */,
				B10000009 /* MenuView.swift */,
				B10000010 /* GameView.swift */,
				B10000011 /* GameOverView.swift */,
				B10000016 /* StatsView.swift */,
			);
			path = Views;
			sourceTree = "<group>";
		};
		D10000007 /* Utilities */ = {
			isa = PBXGroup;
			children = (
				B10000012 /* HapticManager.swift */,
				B10000017 /* ShakeDetector.swift */,
			);
			path = Utilities;
			sourceTree = "<group>";
		};
		D10000008 /* Products */ = {
			isa = PBXGroup;
			children = (
				C10000001 /* Minesweep.app */,
				C20000002 /* MinesweepTests.xctest */,
				C30000002 /* MinesweepUITests.xctest */,
			);
			name = Products;
			sourceTree = "<group>";
		};
		D20000001 /* MinesweepTests */ = {
			isa = PBXGroup;
			children = (
				B20000001 /* BoardTests.swift */,
				B20000002 /* GameStatsTests.swift */,
				B20000003 /* GameViewModelTests.swift */,
				B20000004 /* DifficultyTests.swift */,
				B20000005 /* StatsStoreTests.swift */,
			);
			path = MinesweepTests;
			sourceTree = "<group>";
		};
		D30000001 /* MinesweepUITests */ = {
			isa = PBXGroup;
			children = (
				B30000001 /* MinesweepUITests.swift */,
			);
			path = MinesweepUITests;
			sourceTree = "<group>";
		};
/* End PBXGroup section */

/* Begin PBXNativeTarget section */
		E10000001 /* Minesweep */ = {
			isa = PBXNativeTarget;
			buildConfigurationList = F10000003 /* Build configuration list for PBXNativeTarget "Minesweep" */;
			buildPhases = (
				E10000002 /* Sources */,
				E10000003 /* Resources */,
			);
			buildRules = (
			);
			dependencies = (
			);
			name = Minesweep;
			productName = Minesweep;
			productReference = C10000001 /* Minesweep.app */;
			productType = "com.apple.product-type.application";
		};
		E20000001 /* MinesweepTests */ = {
			isa = PBXNativeTarget;
			buildConfigurationList = F20000003 /* Build configuration list for PBXNativeTarget "MinesweepTests" */;
			buildPhases = (
				E20000002 /* Sources */,
			);
			buildRules = (
			);
			dependencies = (
				E20000003 /* PBXTargetDependency */,
			);
			name = MinesweepTests;
			productName = MinesweepTests;
			productReference = C20000002 /* MinesweepTests.xctest */;
			productType = "com.apple.product-type.bundle.unit-test";
		};
		E30000001 /* MinesweepUITests */ = {
			isa = PBXNativeTarget;
			buildConfigurationList = F30000003 /* Build configuration list for PBXNativeTarget "MinesweepUITests" */;
			buildPhases = (
				E30000002 /* Sources */,
			);
			buildRules = (
			);
			dependencies = (
				E30000003 /* PBXTargetDependency */,
			);
			name = MinesweepUITests;
			productName = MinesweepUITests;
			productReference = C30000002 /* MinesweepUITests.xctest */;
			productType = "com.apple.product-type.bundle.ui-testing";
		};
/* End PBXNativeTarget section */

/* Begin PBXProject section */
		E10000010 /* Project object */ = {
			isa = PBXProject;
			attributes = {
				BuildIndependentTargetsInParallel = 1;
				LastSwiftUpdateCheck = 1500;
				LastUpgradeCheck = 2620;
			};
			buildConfigurationList = F10000001 /* Build configuration list for PBXProject "Minesweep" */;
			compatibilityVersion = "Xcode 14.0";
			developmentRegion = en;
			hasScannedForEncodings = 0;
			knownRegions = (
				en,
				Base,
			);
			mainGroup = D10000001;
			productRefGroup = D10000008 /* Products */;
			projectDirPath = "";
			projectRoot = "";
			targets = (
				E10000001 /* Minesweep */,
				E20000001 /* MinesweepTests */,
				E30000001 /* MinesweepUITests */,
			);
		};
/* End PBXProject section */

/* Begin PBXResourcesBuildPhase section */
		E10000003 /* Resources */ = {
			isa = PBXResourcesBuildPhase;
			buildActionMask = 2147483647;
			files = (
				A10000013 /* Assets.xcassets in Resources */,
			);
			runOnlyForDeploymentPostprocessing = 0;
		};
/* End PBXResourcesBuildPhase section */

/* Begin PBXSourcesBuildPhase section */
		E10000002 /* Sources */ = {
			isa = PBXSourcesBuildPhase;
			buildActionMask = 2147483647;
			files = (
				A10000001 /* MinesweepApp.swift in Sources */,
				A10000002 /* Cell.swift in Sources */,
				A10000003 /* GameState.swift in Sources */,
				A10000004 /* Difficulty.swift in Sources */,
				A10000005 /* Board.swift in Sources */,
				A10000006 /* GameViewModel.swift in Sources */,
				A10000007 /* CellView.swift in Sources */,
				A10000008 /* HeaderView.swift in Sources */,
				A10000009 /* MenuView.swift in Sources */,
				A10000010 /* GameView.swift in Sources */,
				A10000011 /* GameOverView.swift in Sources */,
				A10000012 /* HapticManager.swift in Sources */,
				A10000014 /* GameStats.swift in Sources */,
				A10000015 /* StatsStore.swift in Sources */,
				A10000016 /* StatsView.swift in Sources */,
				A10000017 /* ShakeDetector.swift in Sources */,
			);
			runOnlyForDeploymentPostprocessing = 0;
		};
		E20000002 /* Sources */ = {
			isa = PBXSourcesBuildPhase;
			buildActionMask = 2147483647;
			files = (
				A20000001 /* BoardTests.swift in Sources */,
				A20000002 /* GameStatsTests.swift in Sources */,
				A20000003 /* GameViewModelTests.swift in Sources */,
				A20000004 /* DifficultyTests.swift in Sources */,
				A20000005 /* StatsStoreTests.swift in Sources */,
			);
			runOnlyForDeploymentPostprocessing = 0;
		};
		E30000002 /* Sources */ = {
			isa = PBXSourcesBuildPhase;
			buildActionMask = 2147483647;
			files = (
				A30000001 /* MinesweepUITests.swift in Sources */,
			);
			runOnlyForDeploymentPostprocessing = 0;
		};
/* End PBXSourcesBuildPhase section */

/* Begin PBXTargetDependency section */
		E20000003 /* PBXTargetDependency */ = {
			isa = PBXTargetDependency;
			target = E10000001 /* Minesweep */;
			targetProxy = C20000001 /* PBXContainerItemProxy */;
		};
		E30000003 /* PBXTargetDependency */ = {
			isa = PBXTargetDependency;
			target = E10000001 /* Minesweep */;
			targetProxy = C30000001 /* PBXContainerItemProxy */;
		};
/* End PBXTargetDependency section */

/* Begin XCBuildConfiguration section */
		F10000011 /* Debug */ = {
			isa = XCBuildConfiguration;
			buildSettings = {
				ALWAYS_SEARCH_USER_PATHS = NO;
				CLANG_ENABLE_MODULES = YES;
				CLANG_ENABLE_OBJC_ARC = YES;
				CLANG_WARN_BLOCK_CAPTURE_AUTORELEASING = YES;
				CLANG_WARN_BOOL_CONVERSION = YES;
				CLANG_WARN_COMMA = YES;
				CLANG_WARN_CONSTANT_CONVERSION = YES;
				CLANG_WARN_DEPRECATED_OBJC_IMPLEMENTATIONS = YES;
				CLANG_WARN_EMPTY_BODY = YES;
				CLANG_WARN_ENUM_CONVERSION = YES;
				CLANG_WARN_INFINITE_RECURSION = YES;
				CLANG_WARN_INT_CONVERSION = YES;
				CLANG_WARN_NON_LITERAL_NULL_CONVERSION = YES;
				CLANG_WARN_OBJC_IMPLICIT_RETAIN_SELF = YES;
				CLANG_WARN_OBJC_LITERAL_CONVERSION = YES;
				CLANG_WARN_QUOTED_INCLUDE_IN_FRAMEWORK_HEADER = YES;
				CLANG_WARN_RANGE_LOOP_ANALYSIS = YES;
				CLANG_WARN_STRICT_PROTOTYPES = YES;
				CLANG_WARN_SUSPICIOUS_MOVE = YES;
				CLANG_WARN_UNREACHABLE_CODE = YES;
				CLANG_WARN__DUPLICATE_METHOD_MATCH = YES;
				COPY_PHASE_STRIP = NO;
				DEBUG_INFORMATION_FORMAT = dwarf;
				DEVELOPMENT_TEAM = K3CQQKBR25;
				ENABLE_STRICT_OBJC_MSGSEND = YES;
				ENABLE_TESTABILITY = YES;
				ENABLE_USER_SCRIPT_SANDBOXING = YES;
				GCC_DYNAMIC_NO_PIC = NO;
				GCC_NO_COMMON_BLOCKS = YES;
				GCC_OPTIMIZATION_LEVEL = 0;
				GCC_PREPROCESSOR_DEFINITIONS = (
					"DEBUG=1",
					"$(inherited)",
				);
				GCC_WARN_64_TO_32_BIT_CONVERSION = YES;
				GCC_WARN_ABOUT_RETURN_TYPE = YES;
				GCC_WARN_UNDECLARED_SELECTOR = YES;
				GCC_WARN_UNINITIALIZED_AUTOS = YES;
				GCC_WARN_UNUSED_FUNCTION = YES;
				GCC_WARN_UNUSED_VARIABLE = YES;
				IPHONEOS_DEPLOYMENT_TARGET = 17.0;
				MTL_ENABLE_DEBUG_INFO = INCLUDE_SOURCE;
				ONLY_ACTIVE_ARCH = YES;
				SDKROOT = iphoneos;
				STRING_CATALOG_GENERATE_SYMBOLS = YES;
				SWIFT_ACTIVE_COMPILATION_CONDITIONS = DEBUG;
				SWIFT_OPTIMIZATION_LEVEL = "-Onone";
			};
			name = Debug;
		};
		F10000012 /* Release */ = {
			isa = XCBuildConfiguration;
			buildSettings = {
				ALWAYS_SEARCH_USER_PATHS = NO;
				CLANG_ENABLE_MODULES = YES;
				CLANG_ENABLE_OBJC_ARC = YES;
				CLANG_WARN_BLOCK_CAPTURE_AUTORELEASING = YES;
				CLANG_WARN_BOOL_CONVERSION = YES;
				CLANG_WARN_COMMA = YES;
				CLANG_WARN_CONSTANT_CONVERSION = YES;
				CLANG_WARN_DEPRECATED_OBJC_IMPLEMENTATIONS = YES;
				CLANG_WARN_EMPTY_BODY = YES;
				CLANG_WARN_ENUM_CONVERSION = YES;
				CLANG_WARN_INFINITE_RECURSION = YES;
				CLANG_WARN_INT_CONVERSION = YES;
				CLANG_WARN_NON_LITERAL_NULL_CONVERSION = YES;
				CLANG_WARN_OBJC_IMPLICIT_RETAIN_SELF = YES;
				CLANG_WARN_OBJC_LITERAL_CONVERSION = YES;
				CLANG_WARN_QUOTED_INCLUDE_IN_FRAMEWORK_HEADER = YES;
				CLANG_WARN_RANGE_LOOP_ANALYSIS = YES;
				CLANG_WARN_STRICT_PROTOTYPES = YES;
				CLANG_WARN_SUSPICIOUS_MOVE = YES;
				CLANG_WARN_UNREACHABLE_CODE = YES;
				CLANG_WARN__DUPLICATE_METHOD_MATCH = YES;
				COPY_PHASE_STRIP = NO;
				DEBUG_INFORMATION_FORMAT = "dwarf-with-dsym";
				DEVELOPMENT_TEAM = K3CQQKBR25;
				ENABLE_NS_ASSERTIONS = NO;
				ENABLE_STRICT_OBJC_MSGSEND = YES;
				ENABLE_USER_SCRIPT_SANDBOXING = YES;
				GCC_NO_COMMON_BLOCKS = YES;
				GCC_WARN_64_TO_32_BIT_CONVERSION = YES;
				GCC_WARN_ABOUT_RETURN_TYPE = YES;
				GCC_WARN_UNDECLARED_SELECTOR = YES;
				GCC_WARN_UNINITIALIZED_AUTOS = YES;
				GCC_WARN_UNUSED_FUNCTION = YES;
				GCC_WARN_UNUSED_VARIABLE = YES;
				IPHONEOS_DEPLOYMENT_TARGET = 17.0;
				SDKROOT = iphoneos;
				STRING_CATALOG_GENERATE_SYMBOLS = YES;
				SWIFT_COMPILATION_MODE = wholemodule;
				SWIFT_OPTIMIZATION_LEVEL = "-O";
				VALIDATE_PRODUCT = YES;
			};
			name = Release;
		};
		F10000021 /* Debug */ = {
			isa = XCBuildConfiguration;
			buildSettings = {
				ASSETCATALOG_COMPILER_APPICON_NAME = AppIcon;
				ASSETCATALOG_COMPILER_GLOBAL_ACCENT_COLOR_NAME = AccentColor;
				CODE_SIGN_STYLE = Automatic;
				CURRENT_PROJECT_VERSION = 1;
				GENERATE_INFOPLIST_FILE = YES;
				INFOPLIST_KEY_UIApplicationSceneManifest_Generation = YES;
				INFOPLIST_KEY_UIApplicationSupportsIndirectInputEvents = YES;
				INFOPLIST_KEY_UILaunchScreen_Generation = YES;
				INFOPLIST_KEY_UISupportedInterfaceOrientations_iPad = "UIInterfaceOrientationPortrait UIInterfaceOrientationPortraitUpsideDown UIInterfaceOrientationLandscapeLeft UIInterfaceOrientationLandscapeRight";
				INFOPLIST_KEY_UISupportedInterfaceOrientations_iPhone = "UIInterfaceOrientationPortrait UIInterfaceOrientationLandscapeLeft UIInterfaceOrientationLandscapeRight";
				MARKETING_VERSION = 1.0;
				PRODUCT_BUNDLE_IDENTIFIER = com.minesweep.app;
				PRODUCT_NAME = "$(TARGET_NAME)";
				SWIFT_EMIT_LOC_STRINGS = YES;
				SWIFT_VERSION = 5.0;
				TARGETED_DEVICE_FAMILY = "1,2";
			};
			name = Debug;
		};
		F10000022 /* Release */ = {
			isa = XCBuildConfiguration;
			buildSettings = {
				ASSETCATALOG_COMPILER_APPICON_NAME = AppIcon;
				ASSETCATALOG_COMPILER_GLOBAL_ACCENT_COLOR_NAME = AccentColor;
				CODE_SIGN_STYLE = Automatic;
				CURRENT_PROJECT_VERSION = 1;
				GENERATE_INFOPLIST_FILE = YES;
				INFOPLIST_KEY_UIApplicationSceneManifest_Generation = YES;
				INFOPLIST_KEY_UIApplicationSupportsIndirectInputEvents = YES;
				INFOPLIST_KEY_UILaunchScreen_Generation = YES;
				INFOPLIST_KEY_UISupportedInterfaceOrientations_iPad = "UIInterfaceOrientationPortrait UIInterfaceOrientationPortraitUpsideDown UIInterfaceOrientationLandscapeLeft UIInterfaceOrientationLandscapeRight";
				INFOPLIST_KEY_UISupportedInterfaceOrientations_iPhone = "UIInterfaceOrientationPortrait UIInterfaceOrientationLandscapeLeft UIInterfaceOrientationLandscapeRight";
				MARKETING_VERSION = 1.0;
				PRODUCT_BUNDLE_IDENTIFIER = com.minesweep.app;
				PRODUCT_NAME = "$(TARGET_NAME)";
				SWIFT_EMIT_LOC_STRINGS = YES;
				SWIFT_VERSION = 5.0;
				TARGETED_DEVICE_FAMILY = "1,2";
			};
			name = Release;
		};
		F20000021 /* Debug */ = {
			isa = XCBuildConfiguration;
			buildSettings = {
				BUNDLE_LOADER = "$(TEST_HOST)";
				CODE_SIGN_STYLE = Automatic;
				CURRENT_PROJECT_VERSION = 1;
				GENERATE_INFOPLIST_FILE = YES;
				MARKETING_VERSION = 1.0;
				PRODUCT_BUNDLE_IDENTIFIER = com.minesweep.tests;
				PRODUCT_NAME = "$(TARGET_NAME)";
				SWIFT_EMIT_LOC_STRINGS = NO;
				SWIFT_VERSION = 5.0;
				TARGETED_DEVICE_FAMILY = "1,2";
				TEST_HOST = "$(BUILT_PRODUCTS_DIR)/Minesweep.app/$(BUNDLE_EXECUTABLE_FOLDER_PATH)/Minesweep";
			};
			name = Debug;
		};
		F20000022 /* Release */ = {
			isa = XCBuildConfiguration;
			buildSettings = {
				BUNDLE_LOADER = "$(TEST_HOST)";
				CODE_SIGN_STYLE = Automatic;
				CURRENT_PROJECT_VERSION = 1;
				GENERATE_INFOPLIST_FILE = YES;
				MARKETING_VERSION = 1.0;
				PRODUCT_BUNDLE_IDENTIFIER = com.minesweep.tests;
				PRODUCT_NAME = "$(TARGET_NAME)";
				SWIFT_EMIT_LOC_STRINGS = NO;
				SWIFT_VERSION = 5.0;
				TARGETED_DEVICE_FAMILY = "1,2";
				TEST_HOST = "$(BUILT_PRODUCTS_DIR)/Minesweep.app/$(BUNDLE_EXECUTABLE_FOLDER_PATH)/Minesweep";
			};
			name = Release;
		};
		F30000021 /* Debug */ = {
			isa = XCBuildConfiguration;
			buildSettings = {
				CODE_SIGN_STYLE = Automatic;
				CURRENT_PROJECT_VERSION = 1;
				GENERATE_INFOPLIST_FILE = YES;
				MARKETING_VERSION = 1.0;
				PRODUCT_BUNDLE_IDENTIFIER = com.minesweep.uitests;
				PRODUCT_NAME = "$(TARGET_NAME)";
				SWIFT_EMIT_LOC_STRINGS = NO;
				SWIFT_VERSION = 5.0;
				TARGETED_DEVICE_FAMILY = "1,2";
				TEST_TARGET_NAME = Minesweep;
			};
			name = Debug;
		};
		F30000022 /* Release */ = {
			isa = XCBuildConfiguration;
			buildSettings = {
				CODE_SIGN_STYLE = Automatic;
				CURRENT_PROJECT_VERSION = 1;
				GENERATE_INFOPLIST_FILE = YES;
				MARKETING_VERSION = 1.0;
				PRODUCT_BUNDLE_IDENTIFIER = com.minesweep.uitests;
				PRODUCT_NAME = "$(TARGET_NAME)";
				SWIFT_EMIT_LOC_STRINGS = NO;
				SWIFT_VERSION = 5.0;
				TARGETED_DEVICE_FAMILY = "1,2";
				TEST_TARGET_NAME = Minesweep;
			};
			name = Release;
		};
/* End XCBuildConfiguration section */

/* Begin XCConfigurationList section */
		F10000001 /* Build configuration list for PBXProject "Minesweep" */ = {
			isa = XCConfigurationList;
			buildConfigurations = (
				F10000011 /* Debug */,
				F10000012 /* Release */,
			);
			defaultConfigurationIsVisible = 0;
			defaultConfigurationName = Release;
		};
		F10000003 /* Build configuration list for PBXNativeTarget "Minesweep" */ = {
			isa = XCConfigurationList;
			buildConfigurations = (
				F10000021 /* Debug */,
				F10000022 /* Release */,
			);
			defaultConfigurationIsVisible = 0;
			defaultConfigurationName = Release;
		};
		F20000003 /* Build configuration list for PBXNativeTarget "MinesweepTests" */ = {
			isa = XCConfigurationList;
			buildConfigurations = (
				F20000021 /* Debug */,
				F20000022 /* Release */,
			);
			defaultConfigurationIsVisible = 0;
			defaultConfigurationName = Release;
		};
		F30000003 /* Build configuration list for PBXNativeTarget "MinesweepUITests" */ = {
			isa = XCConfigurationList;
			buildConfigurations = (
				F30000021 /* Debug */,
				F30000022 /* Release */,
			);
			defaultConfigurationIsVisible = 0;
			defaultConfigurationName = Release;
		};
/* End XCConfigurationList section */
	};
	rootObject = E10000010 /* Project object */;
}
